{
  "pins" : [
    {
      "identity" : "purchases-hybrid-common",
      "kind" : "remoteSourceControl",
      "location" : "https://github.com/RevenueCat/purchases-hybrid-common.git",
      "state" : {
        "revision" : "884b9eeccb01b311cfaae670215323b7925b8fd0",
        "version" : "18.37.0"
      }
    },
    {
      "identity" : "purchases-ios-spm",
      "kind" : "remoteSourceControl",
      "location" : "https://github.com/RevenueCat/purchases-ios-spm",
      "state" : {
        "revision" : "b5c4652249754d6d8ec415a6bc79a611ea38c839",
        "version" : "5.88.0"
      }
    }
  ],
  "version" : 2
}
