PODS:
  - bonsoir_darwin (0.0.1):
    - Flutter
    - FlutterMacOS
  - connectivity_plus (0.0.1):
    - FlutterMacOS
  - cupertino_http (0.0.1):
    - Flutter
    - FlutterMacOS
  - device_info_plus (0.0.1):
    - FlutterMacOS
  - dynamic_color (0.0.2):
    - FlutterMacOS
  - file_picker (0.0.1):
    - FlutterMacOS
  - flutter_avif_macos (0.0.1):
    - FlutterMacOS
  - flutter_local_notifications (0.0.1):
    - FlutterMacOS
  - FlutterMacOS (1.0.0)
  - fvp (0.35.0):
    - Flutter
    - FlutterMacOS
    - mdk (~> 0.35.0)
  - gal (1.0.0):
    - Flutter
    - FlutterMacOS
  - local_auth_darwin (0.0.1):
    - Flutter
    - FlutterMacOS
  - mdk (0.35.0)
  - media_kit_libs_macos_video (1.0.4):
    - FlutterMacOS
  - media_kit_video (0.0.1):
    - FlutterMacOS
  - objective_c (0.0.1):
    - FlutterMacOS
  - package_info_plus (0.0.1):
    - FlutterMacOS
  - pasteboard (0.0.1):
    - FlutterMacOS
  - path_provider_foundation (0.0.1):
    - Flutter
    - FlutterMacOS
  - purchases_flutter (9.9.4):
    - FlutterMacOS
    - PurchasesHybridCommon (= 17.16.0)
  - PurchasesHybridCommon (17.16.0):
    - RevenueCat (= 5.46.1)
  - rate_my_app (2.3.2):
    - Flutter
    - FlutterMacOS
  - RevenueCat (5.46.1)
  - screen_retriever_macos (0.0.1):
    - FlutterMacOS
  - share_plus (0.0.1):
    - FlutterMacOS
  - shared_preferences_foundation (0.0.1):
    - Flutter
    - FlutterMacOS
  - sqlite3 (3.50.4):
    - sqlite3/common (= 3.50.4)
  - sqlite3/common (3.50.4)
  - sqlite3/dbstatvtab (3.50.4):
    - sqlite3/common
  - sqlite3/fts5 (3.50.4):
    - sqlite3/common
  - sqlite3/math (3.50.4):
    - sqlite3/common
  - sqlite3/perf-threadsafe (3.50.4):
    - sqlite3/common
  - sqlite3/rtree (3.50.4):
    - sqlite3/common
  - sqlite3/session (3.50.4):
    - sqlite3/common
  - sqlite3_flutter_libs (0.0.1):
    - Flutter
    - FlutterMacOS
    - sqlite3 (~> 3.50.4)
    - sqlite3/dbstatvtab
    - sqlite3/fts5
    - sqlite3/math
    - sqlite3/perf-threadsafe
    - sqlite3/rtree
    - sqlite3/session
  - url_launcher_macos (0.0.1):
    - FlutterMacOS
  - video_player_avfoundation (0.0.1):
    - Flutter
    - FlutterMacOS
  - volume_controller (0.0.1):
    - FlutterMacOS
  - wakelock_plus (0.0.1):
    - FlutterMacOS
  - webview_cookie_manager (0.0.1):
    - Flutter
    - FlutterMacOS
  - webview_flutter_wkwebview (0.0.1):
    - Flutter
    - FlutterMacOS
  - window_manager (0.5.0):
    - FlutterMacOS

DEPENDENCIES:
  - bonsoir_darwin (from `Flutter/ephemeral/.symlinks/plugins/bonsoir_darwin/darwin`)
  - connectivity_plus (from `Flutter/ephemeral/.symlinks/plugins/connectivity_plus/macos`)
  - cupertino_http (from `Flutter/ephemeral/.symlinks/plugins/cupertino_http/darwin`)
  - device_info_plus (from `Flutter/ephemeral/.symlinks/plugins/device_info_plus/macos`)
  - dynamic_color (from `Flutter/ephemeral/.symlinks/plugins/dynamic_color/macos`)
  - file_picker (from `Flutter/ephemeral/.symlinks/plugins/file_picker/macos`)
  - flutter_avif_macos (from `Flutter/ephemeral/.symlinks/plugins/flutter_avif_macos/macos`)
  - flutter_local_notifications (from `Flutter/ephemeral/.symlinks/plugins/flutter_local_notifications/macos`)
  - FlutterMacOS (from `Flutter/ephemeral`)
  - fvp (from `Flutter/ephemeral/.symlinks/plugins/fvp/darwin`)
  - gal (from `Flutter/ephemeral/.symlinks/plugins/gal/darwin`)
  - local_auth_darwin (from `Flutter/ephemeral/.symlinks/plugins/local_auth_darwin/darwin`)
  - media_kit_libs_macos_video (from `Flutter/ephemeral/.symlinks/plugins/media_kit_libs_macos_video/macos`)
  - media_kit_video (from `Flutter/ephemeral/.symlinks/plugins/media_kit_video/macos`)
  - objective_c (from `Flutter/ephemeral/.symlinks/plugins/objective_c/macos`)
  - package_info_plus (from `Flutter/ephemeral/.symlinks/plugins/package_info_plus/macos`)
  - pasteboard (from `Flutter/ephemeral/.symlinks/plugins/pasteboard/macos`)
  - path_provider_foundation (from `Flutter/ephemeral/.symlinks/plugins/path_provider_foundation/darwin`)
  - purchases_flutter (from `Flutter/ephemeral/.symlinks/plugins/purchases_flutter/macos`)
  - rate_my_app (from `Flutter/ephemeral/.symlinks/plugins/rate_my_app/darwin`)
  - screen_retriever_macos (from `Flutter/ephemeral/.symlinks/plugins/screen_retriever_macos/macos`)
  - share_plus (from `Flutter/ephemeral/.symlinks/plugins/share_plus/macos`)
  - shared_preferences_foundation (from `Flutter/ephemeral/.symlinks/plugins/shared_preferences_foundation/darwin`)
  - sqlite3_flutter_libs (from `Flutter/ephemeral/.symlinks/plugins/sqlite3_flutter_libs/darwin`)
  - url_launcher_macos (from `Flutter/ephemeral/.symlinks/plugins/url_launcher_macos/macos`)
  - video_player_avfoundation (from `Flutter/ephemeral/.symlinks/plugins/video_player_avfoundation/darwin`)
  - volume_controller (from `Flutter/ephemeral/.symlinks/plugins/volume_controller/macos`)
  - wakelock_plus (from `Flutter/ephemeral/.symlinks/plugins/wakelock_plus/macos`)
  - webview_cookie_manager (from `Flutter/ephemeral/.symlinks/plugins/webview_cookie_manager/darwin`)
  - webview_flutter_wkwebview (from `Flutter/ephemeral/.symlinks/plugins/webview_flutter_wkwebview/darwin`)
  - window_manager (from `Flutter/ephemeral/.symlinks/plugins/window_manager/macos`)

SPEC REPOS:
  trunk:
    - mdk
    - PurchasesHybridCommon
    - RevenueCat
    - sqlite3

EXTERNAL SOURCES:
  bonsoir_darwin:
    :path: Flutter/ephemeral/.symlinks/plugins/bonsoir_darwin/darwin
  connectivity_plus:
    :path: Flutter/ephemeral/.symlinks/plugins/connectivity_plus/macos
  cupertino_http:
    :path: Flutter/ephemeral/.symlinks/plugins/cupertino_http/darwin
  device_info_plus:
    :path: Flutter/ephemeral/.symlinks/plugins/device_info_plus/macos
  dynamic_color:
    :path: Flutter/ephemeral/.symlinks/plugins/dynamic_color/macos
  file_picker:
    :path: Flutter/ephemeral/.symlinks/plugins/file_picker/macos
  flutter_avif_macos:
    :path: Flutter/ephemeral/.symlinks/plugins/flutter_avif_macos/macos
  flutter_local_notifications:
    :path: Flutter/ephemeral/.symlinks/plugins/flutter_local_notifications/macos
  FlutterMacOS:
    :path: Flutter/ephemeral
  fvp:
    :path: Flutter/ephemeral/.symlinks/plugins/fvp/darwin
  gal:
    :path: Flutter/ephemeral/.symlinks/plugins/gal/darwin
  local_auth_darwin:
    :path: Flutter/ephemeral/.symlinks/plugins/local_auth_darwin/darwin
  media_kit_libs_macos_video:
    :path: Flutter/ephemeral/.symlinks/plugins/media_kit_libs_macos_video/macos
  media_kit_video:
    :path: Flutter/ephemeral/.symlinks/plugins/media_kit_video/macos
  objective_c:
    :path: Flutter/ephemeral/.symlinks/plugins/objective_c/macos
  package_info_plus:
    :path: Flutter/ephemeral/.symlinks/plugins/package_info_plus/macos
  pasteboard:
    :path: Flutter/ephemeral/.symlinks/plugins/pasteboard/macos
  path_provider_foundation:
    :path: Flutter/ephemeral/.symlinks/plugins/path_provider_foundation/darwin
  purchases_flutter:
    :path: Flutter/ephemeral/.symlinks/plugins/purchases_flutter/macos
  rate_my_app:
    :path: Flutter/ephemeral/.symlinks/plugins/rate_my_app/darwin
  screen_retriever_macos:
    :path: Flutter/ephemeral/.symlinks/plugins/screen_retriever_macos/macos
  share_plus:
    :path: Flutter/ephemeral/.symlinks/plugins/share_plus/macos
  shared_preferences_foundation:
    :path: Flutter/ephemeral/.symlinks/plugins/shared_preferences_foundation/darwin
  sqlite3_flutter_libs:
    :path: Flutter/ephemeral/.symlinks/plugins/sqlite3_flutter_libs/darwin
  url_launcher_macos:
    :path: Flutter/ephemeral/.symlinks/plugins/url_launcher_macos/macos
  video_player_avfoundation:
    :path: Flutter/ephemeral/.symlinks/plugins/video_player_avfoundation/darwin
  volume_controller:
    :path: Flutter/ephemeral/.symlinks/plugins/volume_controller/macos
  wakelock_plus:
    :path: Flutter/ephemeral/.symlinks/plugins/wakelock_plus/macos
  webview_cookie_manager:
    :path: Flutter/ephemeral/.symlinks/plugins/webview_cookie_manager/darwin
  webview_flutter_wkwebview:
    :path: Flutter/ephemeral/.symlinks/plugins/webview_flutter_wkwebview/darwin
  window_manager:
    :path: Flutter/ephemeral/.symlinks/plugins/window_manager/macos

SPEC CHECKSUMS:
  bonsoir_darwin: 29c7ccf356646118844721f36e1de4b61f6cbd0e
  connectivity_plus: 4adf20a405e25b42b9c9f87feff8f4b6fde18a4e
  cupertino_http: 94ac07f5ff090b8effa6c5e2c47871d48ab7c86c
  device_info_plus: 4fb280989f669696856f8b129e4a5e3cd6c48f76
  dynamic_color: cb7c2a300ee67ed3bd96c3e852df3af0300bf610
  file_picker: 7584aae6fa07a041af2b36a2655122d42f578c1a
  flutter_avif_macos: 9ed61d67adfbd6964eccb59971020fb55c31fc11
  flutter_local_notifications: 4bf37a31afde695b56091b4ae3e4d9c7a7e6cda0
  FlutterMacOS: d0db08ddef1a9af05a5ec4b724367152bb0500b1
  fvp: ecee65308dd86ae46e3c6d5d42cd2aad48095ef5
  gal: baecd024ebfd13c441269ca7404792a7152fde89
  local_auth_darwin: c3ee6cce0a8d56be34c8ccb66ba31f7f180aaebb
  mdk: baa616b93f696c7066df0e5ebe057badfa9c462b
  media_kit_libs_macos_video: 85a23e549b5f480e72cae3e5634b5514bc692f65
  media_kit_video: fa6564e3799a0a28bff39442334817088b7ca758
  objective_c: ec13431e45ba099cb734eb2829a5c1cd37986cba
  package_info_plus: f0052d280d17aa382b932f399edf32507174e870
  pasteboard: 278d8100149f940fb795d6b3a74f0720c890ecb7
  path_provider_foundation: bb55f6dbba17d0dccd6737fe6f7f34fbd0376880
  purchases_flutter: a6bd0e9bd1e4f19d0204d8f1e2e6bbe1ee4c3481
  PurchasesHybridCommon: 806c4cb4f287dc125d6e885a1bbf5df326e681b0
  rate_my_app: cbb89973f870601f80f7bad63aba107260cabc5b
  RevenueCat: 5615e87d418134b3087370429b17ce92eafe2354
  screen_retriever_macos: 452e51764a9e1cdb74b3c541238795849f21557f
  share_plus: 510bf0af1a42cd602274b4629920c9649c52f4cc
  shared_preferences_foundation: 7036424c3d8ec98dfe75ff1667cb0cd531ec82bb
  sqlite3: 73513155ec6979715d3904ef53a8d68892d4032b
  sqlite3_flutter_libs: 83f8e9f5b6554077f1d93119fe20ebaa5f3a9ef1
  url_launcher_macos: f87a979182d112f911de6820aefddaf56ee9fbfd
  video_player_avfoundation: dd410b52df6d2466a42d28550e33e4146928280a
  volume_controller: 5c068e6d085c80dadd33fc2c918d2114b775b3dd
  wakelock_plus: 917609be14d812ddd9e9528876538b2263aaa03b
  webview_cookie_manager: 7ae5076dafaf10ec5d747e1a1174091ecbaf1116
  webview_flutter_wkwebview: 8ebf4fded22593026f7dbff1fbff31ea98573c8d
  window_manager: b729e31d38fb04905235df9ea896128991cad99e

PODFILE CHECKSUM: df6c1dfc75be1210c1b1fc401a7c9f8bea484f5c

COCOAPODS: 1.16.2
